
Microsoft Visual Studio Solution File, Format Version 12.00
# Visual Studio Version 17
VisualStudioVersion = 17.8.34511.84
MinimumVisualStudioVersion = 10.0.40219.1
Project("{9A19103F-16F7-4668-BE54-9A1E7A4F7556}") = "HRSystem", "HRSystem\HRSystem.csproj", "{183D1582-B995-4C65-8E38-6D24F440B4A4}"
EndProject
Project("{FAE04EC0-301F-11D3-BF4B-00C04F79EFBC}") = "HRDomain", "HRDomain\HRDomain.csproj", "{2DE077F4-2423-4624-A558-23DDB72A5BD3}"
EndProject
Project("{FAE04EC0-301F-11D3-BF4B-00C04F79EFBC}") = "HRRepository", "HRRepository\HRRepository.csproj", "{695D184C-7E33-4E62-A895-D16B1D4FF6FC}"
EndProject
Project("{FAE04EC0-301F-11D3-BF4B-00C04F79EFBC}") = "HRService", "HRService\HRService.csproj", "{AB0EF41E-B513-412D-99F8-D22296E9BDF3}"
EndProject
Global
	GlobalSection(SolutionConfigurationPlatforms) = preSolution
		Debug|Any CPU = Debug|Any CPU
		Release|Any CPU = Release|Any CPU
	EndGlobalSection
	GlobalSection(ProjectConfigurationPlatforms) = postSolution
		{183D1582-B995-4C65-8E38-6D24F440B4A4}.Debug|Any CPU.ActiveCfg = Debug|Any CPU
		{183D1582-B995-4C65-8E38-6D24F440B4A4}.Debug|Any CPU.Build.0 = Debug|Any CPU
		{183D1582-B995-4C65-8E38-6D24F440B4A4}.Release|Any CPU.ActiveCfg = Release|Any CPU
		{183D1582-B995-4C65-8E38-6D24F440B4A4}.Release|Any CPU.Build.0 = Release|Any CPU
		{2DE077F4-2423-4624-A558-23DDB72A5BD3}.Debug|Any CPU.ActiveCfg = Debug|Any CPU
		{2DE077F4-2423-4624-A558-23DDB72A5BD3}.Debug|Any CPU.Build.0 = Debug|Any CPU
		{2DE077F4-2423-4624-A558-23DDB72A5BD3}.Release|Any CPU.ActiveCfg = Release|Any CPU
		{2DE077F4-2423-4624-A558-23DDB72A5BD3}.Release|Any CPU.Build.0 = Release|Any CPU
		{695D184C-7E33-4E62-A895-D16B1D4FF6FC}.Debug|Any CPU.ActiveCfg = Debug|Any CPU
		{695D184C-7E33-4E62-A895-D16B1D4FF6FC}.Debug|Any CPU.Build.0 = Debug|Any CPU
		{695D184C-7E33-4E62-A895-D16B1D4FF6FC}.Release|Any CPU.ActiveCfg = Release|Any CPU
		{695D184C-7E33-4E62-A895-D16B1D4FF6FC}.Release|Any CPU.Build.0 = Release|Any CPU
		{AB0EF41E-B513-412D-99F8-D22296E9BDF3}.Debug|Any CPU.ActiveCfg = Debug|Any CPU
		{AB0EF41E-B513-412D-99F8-D22296E9BDF3}.Debug|Any CPU.Build.0 = Debug|Any CPU
		{AB0EF41E-B513-412D-99F8-D22296E9BDF3}.Release|Any CPU.ActiveCfg = Release|Any CPU
		{AB0EF41E-B513-412D-99F8-D22296E9BDF3}.Release|Any CPU.Build.0 = Release|Any CPU
	EndGlobalSection
	GlobalSection(SolutionProperties) = preSolution
		HideSolutionNode = FALSE
	EndGlobalSection
	GlobalSection(ExtensibilityGlobals) = postSolution
		SolutionGuid = {FA81CA74-667A-4A5C-94EF-D601EAF6FD7A}
	EndGlobalSection
EndGlobal
